lockfileVersion: '9.0'

settings:
  autoInstallPeers: true
  excludeLinksFromLockfile: false

importers:

  .:
    dependencies:
      '@xmpp/client':
        specifier: '=0.14.0'
        version: 0.14.0
      '@xmpp/debug':
        specifier: '=0.13.0'
        version: 0.13.0
    devDependencies:
      '@biomejs/biome':
        specifier: '=1.9.4'
        version: 1.9.4
      '@types/xmpp__client':
        specifier: '=0.13.3'
        version: 0.13.3
      '@types/xmpp__connection':
        specifier: '=0.13.3'
        version: 0.13.3

packages:

  '@biomejs/biome@1.9.4':
    resolution: {integrity: sha512-1rkd7G70+o9KkTn5KLmDYXihGoTaIGO9PIIN2ZB7UJxFrWw04CZHPYiMRjYsaDvVV7hP1dYNRLxSANLaBFGpog==}
    engines: {node: '>=14.21.3'}
    hasBin: true

  '@biomejs/cli-darwin-arm64@1.9.4':
    resolution: {integrity: sha512-bFBsPWrNvkdKrNCYeAp+xo2HecOGPAy9WyNyB/jKnnedgzl4W4Hb9ZMzYNbf8dMCGmUdSavlYHiR01QaYR58cw==}
    engines: {node: '>=14.21.3'}
    cpu: [arm64]
    os: [darwin]

  '@biomejs/cli-darwin-x64@1.9.4':
    resolution: {integrity: sha512-ngYBh/+bEedqkSevPVhLP4QfVPCpb+4BBe2p7Xs32dBgs7rh9nY2AIYUL6BgLw1JVXV8GlpKmb/hNiuIxfPfZg==}
    engines: {node: '>=14.21.3'}
    cpu: [x64]
    os: [darwin]

  '@biomejs/cli-linux-arm64-musl@1.9.4':
    resolution: {integrity: sha512-v665Ct9WCRjGa8+kTr0CzApU0+XXtRgwmzIf1SeKSGAv+2scAlW6JR5PMFo6FzqqZ64Po79cKODKf3/AAmECqA==}
    engines: {node: '>=14.21.3'}
    cpu: [arm64]
    os: [linux]
    libc: [musl]

  '@biomejs/cli-linux-arm64@1.9.4':
    resolution: {integrity: sha512-fJIW0+LYujdjUgJJuwesP4EjIBl/N/TcOX3IvIHJQNsAqvV2CHIogsmA94BPG6jZATS4Hi+xv4SkBBQSt1N4/g==}
    engines: {node: '>=14.21.3'}
    cpu: [arm64]
    os: [linux]
    libc: [glibc]

  '@biomejs/cli-linux-x64-musl@1.9.4':
    resolution: {integrity: sha512-gEhi/jSBhZ2m6wjV530Yy8+fNqG8PAinM3oV7CyO+6c3CEh16Eizm21uHVsyVBEB6RIM8JHIl6AGYCv6Q6Q9Tg==}
    engines: {node: '>=14.21.3'}
    cpu: [x64]
    os: [linux]
    libc: [musl]

  '@biomejs/cli-linux-x64@1.9.4':
    resolution: {integrity: sha512-lRCJv/Vi3Vlwmbd6K+oQ0KhLHMAysN8lXoCI7XeHlxaajk06u7G+UsFSO01NAs5iYuWKmVZjmiOzJ0OJmGsMwg==}
    engines: {node: '>=14.21.3'}
    cpu: [x64]
    os: [linux]
    libc: [glibc]

  '@biomejs/cli-win32-arm64@1.9.4':
    resolution: {integrity: sha512-tlbhLk+WXZmgwoIKwHIHEBZUwxml7bRJgk0X2sPyNR3S93cdRq6XulAZRQJ17FYGGzWne0fgrXBKpl7l4M87Hg==}
    engines: {node: '>=14.21.3'}
    cpu: [arm64]
    os: [win32]

  '@biomejs/cli-win32-x64@1.9.4':
    resolution: {integrity: sha512-8Y5wMhVIPaWe6jw2H+KlEm4wP/f7EW3810ZLmDlrEEy5KvBsb9ECEfu/kMWD484ijfQ8+nIi0giMgu9g1UAuuA==}
    engines: {node: '>=14.21.3'}
    cpu: [x64]
    os: [win32]

  '@types/accepts@1.3.7':
    resolution: {integrity: sha512-Pay9fq2lM2wXPWbteBsRAGiWH2hig4ZE2asK+mm7kUzlxRTfL961rj89I6zV/E3PcIkDqyuBEcMxFT7rccugeQ==}

  '@types/body-parser@1.19.5':
    resolution: {integrity: sha512-fB3Zu92ucau0iQ0JMCFQE7b/dv8Ot07NI3KaZIkIUNXq82k4eBAqUaneXfleGY9JWskeS9y+u0nXMyspcuQrCg==}

  '@types/connect@3.4.38':
    resolution: {integrity: sha512-K6uROf1LD88uDQqJCktA4yzL1YYAK6NgfsI0v/mTgyPKWsX1CnJ0XPSDhViejru1GcRkLWb8RlzFYJRqGUbaug==}

  '@types/content-disposition@0.5.8':
    resolution: {integrity: sha512-QVSSvno3dE0MgO76pJhmv4Qyi/j0Yk9pBp0Y7TJ2Tlj+KCgJWY6qX7nnxCOLkZ3VYRSIk1WTxCvwUSdx6CCLdg==}

  '@types/cookies@0.9.0':
    resolution: {integrity: sha512-40Zk8qR147RABiQ7NQnBzWzDcjKzNrntB5BAmeGCb2p/MIyOE+4BVvc17wumsUqUw00bJYqoXFHYygQnEFh4/Q==}

  '@types/events@3.0.3':
    resolution: {integrity: sha512-trOc4AAUThEz9hapPtSd7wf5tiQKvTtu5b371UxXdTuqzIh0ArcRspRP0i0Viu+LXstIQ1z96t1nsPxT9ol01g==}

  '@types/express-serve-static-core@4.19.1':
    resolution: {integrity: sha512-ej0phymbFLoCB26dbbq5PGScsf2JAJ4IJHjG10LalgUV36XKTmA4GdA+PVllKvRk0sEKt64X8975qFnkSi0hqA==}

  '@types/express@4.17.21':
    resolution: {integrity: sha512-ejlPM315qwLpaQlQDTjPdsUFSc6ZsP4AN6AlWnogPjQ7CVi7PYF3YVz+CY3jE2pwYf7E/7HlDAN0rV2GxTG0HQ==}

  '@types/http-assert@1.5.5':
    resolution: {integrity: sha512-4+tE/lwdAahgZT1g30Jkdm9PzFRde0xwxBNUyRsCitRvCQB90iuA2uJYdUnhnANRcqGXaWOGY4FEoxeElNAK2g==}

  '@types/http-errors@2.0.4':
    resolution: {integrity: sha512-D0CFMMtydbJAegzOyHjtiKPLlvnm3iTZyZRSZoLq2mRhDdmLfIWOCYPfQJ4cu2erKghU++QvjcUjp/5h7hESpA==}

  '@types/keygrip@1.0.6':
    resolution: {integrity: sha512-lZuNAY9xeJt7Bx4t4dx0rYCDqGPW8RXhQZK1td7d4H6E9zYbLoOtjBvfwdTKpsyxQI/2jv+armjX/RW+ZNpXOQ==}

  '@types/koa-compose@3.2.8':
    resolution: {integrity: sha512-4Olc63RY+MKvxMwVknCUDhRQX1pFQoBZ/lXcRLP69PQkEpze/0cr8LNqJQe5NFb/b19DWi2a5bTi2VAlQzhJuA==}

  '@types/koa@2.15.0':
    resolution: {integrity: sha512-7QFsywoE5URbuVnG3loe03QXuGajrnotr3gQkXcEBShORai23MePfFYdhz90FEtBBpkyIYQbVD+evKtloCgX3g==}

  '@types/ltx@3.0.8':
    resolution: {integrity: sha512-yyaVNoonOU348KIyfCbNrvKvnNX+VN4nKYLBO+GKuHrFci/IhuoBxOQoc9MC6ixqe1Hw3VpBKHIM5cyKseZxyw==}

  '@types/mime@1.3.5':
    resolution: {integrity: sha512-/pyBZWSLD2n0dcHE3hq8s8ZvcETHtEuF+3E7XVt0Ig2nvsVQXdghHVcEkIWjy9A0wKfTn97a/PSDYohKIlnP/w==}

  '@types/node@20.12.12':
    resolution: {integrity: sha512-eWLDGF/FOSPtAvEqeRAQ4C8LSA7M1I7i0ky1I8U7kD1J5ITyW3AsRhQrKVoWf5pFKZ2kILsEGJhsI9r93PYnOw==}

  '@types/qs@6.9.15':
    resolution: {integrity: sha512-uXHQKES6DQKKCLh441Xv/dwxOq1TVS3JPUMlEqoEglvlhR6Mxnlew/Xq/LRVHpLyk7iK3zODe1qYHIMltO7XGg==}

  '@types/range-parser@1.2.7':
    resolution: {integrity: sha512-hKormJbkJqzQGhziax5PItDUTMAM9uE2XXQmM37dyd4hVM+5aVl7oVxMVUiVQn2oCQFN/LKCZdvSM0pFRqbSmQ==}

  '@types/saslmechanisms@0.1.3':
    resolution: {integrity: sha512-HUgi9jPWUy3T1kafWyA6EImXytjXVu+xupRaYgEQhP0H8wb3W02i0zgmJM0BVsGSvYfuAL/oD/TE5h3BQ/7JVg==}

  '@types/send@0.17.4':
    resolution: {integrity: sha512-x2EM6TJOybec7c52BX0ZspPodMsQUd5L6PRwOunVyVUhXiBSKf3AezDL8Dgvgt5o0UfKNfuA0eMLr2wLT4AiBA==}

  '@types/serve-static@1.15.7':
    resolution: {integrity: sha512-W8Ym+h8nhuRwaKPaDw34QUkwsGi6Rc4yYqvKFo5rm2FUEhCFbzVWrxXUxuKK8TASjWsysJY0nsmNCGhCOIsrOw==}

  '@types/xmpp__client-core@0.13.3':
    resolution: {integrity: sha512-ZZAQeZMG05wQjRNXePUPIP1/xhCiptoNSPATtZjM6310IHU8F5seb+5Ii7EUmKa/ew61KjPe1+TztEFPcqtQcQ==}

  '@types/xmpp__client@0.13.3':
    resolution: {integrity: sha512-YiKUD9ex+4lrO3S6GbMkw7DKcJnfgj34GNCvKymxfgFMq66ZR5Z8PV+sdIYsgjJw8c7MjmhUAX2iTW5ouR8rrA==}

  '@types/xmpp__connection@0.13.3':
    resolution: {integrity: sha512-WqW5VEyARmUzDiX++yFQbtPCFee7uWGcd5wcdMQXkl7SMKTFioxPbPbKVe8eOFsnUhq+6uxLrkUJqVlCumelCQ==}

  '@types/xmpp__error@0.13.3':
    resolution: {integrity: sha512-N7/PUc4+Q5aRDJ4Ipm9NbtKiCNHR763Z+9CdPQpc/PElwblsy62gJEmBgKj8d4yotMn9pwNMEg9NHcFh2mTBZQ==}

  '@types/xmpp__events@0.13.3':
    resolution: {integrity: sha512-GW844fKApo5wRg2MUlceETZFAdKO2zqElAQJZaR41oqDn5uv0BfnFUAbJ1MCGeyO0Ul0pyNw3m5/mzskiM/u2A==}

  '@types/xmpp__iq@0.13.4':
    resolution: {integrity: sha512-bMZVX6EWdrEOLud5gW8ducc0DGDH9JSQYEXMIeQYEmE4VjFiWDAo30dhVyeSqYwM4K6GaS9rnOdHvysMUE8iKA==}

  '@types/xmpp__jid@1.3.5':
    resolution: {integrity: sha512-7nbg+XOOswcLAqjU6f5qBzdmoMw8JvcpPP36O+DACZyPAi88LGw8ulmy05F7jpvjXlGAFGrFvnmF5d9OrU+LfQ==}

  '@types/xmpp__middleware@0.13.3':
    resolution: {integrity: sha512-qzqsJ1ZgkW9zezkkWGcMfvAx0XurYhMBr5E3txYCBi2OX+ATWv1eFFz1fxFWeYoEhtZSqr6BU9BHzd5BQW0RIg==}

  '@types/xmpp__reconnect@0.13.3':
    resolution: {integrity: sha512-PaOmUCuwMKXHsIN02uN23GErOeBzo6MwZYDdbH5S3GCFo7eLVPH9xPeXNW74/be3Dp6+CzDfHhr46efNSG6kww==}

  '@types/xmpp__resource-binding@0.13.3':
    resolution: {integrity: sha512-05Tta9Cj0anOXU8imZtBLDt4YnmVhxiMcSDXNZfqFi0oBP03cettJvTKudD2azimRsuEF94jIMmJ8z7dat0V4w==}

  '@types/xmpp__sasl@0.13.6':
    resolution: {integrity: sha512-2sXw7oewQ7U2a+NAKeYrIHXsLnrl5oqHi/vzr2Fl/5GmEFSWQEG2g3wqnhs16k2VxvslOY9rY9tY2uKd8Iz77g==}

  '@types/xmpp__stream-features@0.13.3':
    resolution: {integrity: sha512-PgylX899T/yFQnPbBciMbdhXuM4XMLhThzwYzWPnlzo7hms88nSkJZrRYiemlSUqZ1z8VzwcsHTa2/CduUeF5w==}

  '@types/xmpp__stream-management@0.13.3':
    resolution: {integrity: sha512-KMcRL30R4WzZKghsPbbOUrEMbh8PWsGo2e6IiAK3PzUDWvSA7z+MQl0K9BVI2DHYhqCFI+qxKIYSoahdagR7lw==}

  '@types/xmpp__xml@0.13.4':
    resolution: {integrity: sha512-j5cRnNJPvLhjCDpKZC+2g0HdMPqmA2xD417P1JKxEZlhQkfKrsCeBi20dsUHaVZJ/NFChkrr/bqW5bE9Oq5luw==}

  '@xmpp/base64@0.14.0':
    resolution: {integrity: sha512-tz2LuzLMtjGSVVeuXDnDw19H+uOrqhrRFcQKJ3THV0HVjerDewT8WKXdrtBVSQ7n4Ue0k+awYcIE7qDD9rwMMQ==}
    engines: {node: '>= 20.10'}

  '@xmpp/client-core@0.14.0':
    resolution: {integrity: sha512-fW0C6vn4y8Jp1g8uBmCETuOmEDXpjFc/mfY8P0J88nhK2AdPOB5m0ntz0yyAXcPd16smnHVckiOsk9qBjF9dDA==}
    engines: {node: '>= 20.10'}

  '@xmpp/client@0.14.0':
    resolution: {integrity: sha512-Y6k77iifYOGuWncOLRr6dVmbsQvcsIFjYI9pXhkSzQDDNnd3hVJGgo/Xx+W/0/o1+kg/tPm/NwX5Yq77NTd9xA==}
    engines: {node: '>= 20.10'}

  '@xmpp/connection-tcp@0.14.0':
    resolution: {integrity: sha512-gvYyUghuCHW0qalEYaZvbHeTnEoXc+hCCWP/qvoVGjjSQNwkYRUsy1/8RP/sA6RlQ2sR0nhpkJkJE6K/4rsFIQ==}
    engines: {node: '>= 20.10'}

  '@xmpp/connection@0.14.0':
    resolution: {integrity: sha512-VRnukXwiXWCsRVQVISUiAxHHgRWH37nxdUaz50o0+cUAYyqtlHIJ2zy+ZHMlxkEWtl+XciNLxwkJKbypJFQheQ==}
    engines: {node: '>= 20.10'}

  '@xmpp/debug@0.13.0':
    resolution: {integrity: sha512-4RCN0UsGLmfzzOdDAfzpm8luKprcdo9oRf0cnKqU/TKmbw5PN5F+TqX4we7uc4xHKzpu0rNyEhusKkVOfe3xzw==}
    engines: {node: '>= 12.4.0'}

  '@xmpp/error@0.14.0':
    resolution: {integrity: sha512-b4W/MwAZl8basfmYhcemK3De92xBOiSrIz0VY2cnN2ss1VMsa4d32GuaJGBIpa4ulN/2DFb3vPCeTn5jXvHAJw==}
    engines: {node: '>= 20.10'}

  '@xmpp/events@0.14.0':
    resolution: {integrity: sha512-6mKRIEi69sYr8H9SrkJKaXobOgCq/sU6/pKTQS5cuQZCy0qLuyx9uttkOyAYmtUbVD+HSrXYS72KhMpdQQh88Q==}
    engines: {node: '>= 20.10'}

  '@xmpp/id@0.14.0':
    resolution: {integrity: sha512-0n8OFYPWkBYDi5fHGiJT6SLg9ncOflTmINzjHzt5A3NxEMVrYmqxbRB44u3NLMk1gBNqGtEkc2wl0WHjS0tHWg==}
    engines: {node: '>= 20.10'}

  '@xmpp/iq@0.14.0':
    resolution: {integrity: sha512-0r3QVKR4XAvkZ4shQwPBkSM21sSfj26Cg8+AYBkd0BKJTde7mRQCISBNidt1xiXA5VPH1+6Qx7fmtPzk3uel+Q==}
    engines: {node: '>= 20.10'}

  '@xmpp/jid@0.14.0':
    resolution: {integrity: sha512-ggiNgjblkeHPbHJ7JLOMIqxc1qQQt0gV+LhXI16afib2wLr120YgvRChY04gjkvQ+IF2sGz7mzPvcAukTmNGHA==}
    engines: {node: '>= 20.10'}

  '@xmpp/middleware@0.14.0':
    resolution: {integrity: sha512-UGm7ed5NEMapE/z0jqY5daGSBqto/iciDjtyncoXHZdOnR4iFYFF9gSO/65Z1HsL2pbHQpcK0WS+Kn+FGOxPTw==}
    engines: {node: '>= 20.10'}

  '@xmpp/reconnect@0.14.0':
    resolution: {integrity: sha512-XaaT3KrFLf1ZfYZCIx11zauT8bIVXRz9FMaGj4mofq1tC8SiKvIIqJXSgrouhkibb9vPeM9XSiGkH47B/1hc6g==}
    engines: {node: '>= 20.10'}

  '@xmpp/resolve@0.14.0':
    resolution: {integrity: sha512-S4Rhupb2zS4EtT4EFUJLPl2pPSFPfrjp/1bxPil+zBt9sNcbrvIwSNaYeQAAfLD/yYb8/DhaxC/blvdHyM1Xzw==}
    engines: {node: '>= 20.10'}

  '@xmpp/resource-binding@0.14.0':
    resolution: {integrity: sha512-b8EyHUOpkAS25b6cpOQ8fv7cCLfOpJq4dkgs6Td0MdODMmcfWEh38siZKaP0OoNmYWZCxBSANdsBmeidozJxqA==}
    engines: {node: '>= 20.10'}

  '@xmpp/sasl-anonymous@0.14.0':
    resolution: {integrity: sha512-lZ8jaYuKBpfQ2T5Bv+7yxII9OduV1a+mlNkKtG94WchrVzR8fU6VpbTrez88KajA42ngcVCtiO3i6tPepYyK8Q==}
    engines: {node: '>= 20.10'}

  '@xmpp/sasl-ht-sha-256-none@0.14.0':
    resolution: {integrity: sha512-LmMSzX35bI/V2lV26k/hYPm8Pn7InsBEX72b86+ugIBQpzD8/jmB1F/Mfm5vrbWkMLl2KWe61gE+L/p0mvLZdA==}
    engines: {node: '>= 20.10'}

  '@xmpp/sasl-plain@0.14.0':
    resolution: {integrity: sha512-TGQX6gsCi6LP2lPNkkd+HoZ1ynCesRMQrtJrWbDAa6oMyCwie9xuBcG/5lDJ5fn03G7xxRh1YSQp+x8yFK+q4w==}
    engines: {node: '>= 20.10'}

  '@xmpp/sasl-scram-sha-1@0.14.0':
    resolution: {integrity: sha512-0ZrsMDx9Haou2yTCzDCwvMsYPvHCxF2bkpyBuiPoYAOWRsIQH1TssZK3d88N7wSvvojter905DNwLPizdaF3og==}
    engines: {node: '>= 20.10'}

  '@xmpp/sasl2@0.14.0':
    resolution: {integrity: sha512-OcDIDr9xwiOO58yqr6hj0eh9CfKOvwBbNDNhC0wByA07cwOsoojLb1dv3WR7pKk1cETv6wHWQ1o/leRoDB/Yzg==}
    engines: {node: '>= 14'}

  '@xmpp/sasl@0.14.0':
    resolution: {integrity: sha512-C6mWvtRhJCCjv0Q6uuc3FUuDdgUhnX7lCF9afmNT5umy1XB0l1iRmBJYTriSHNBwgErM3i3mydafeRjpuQfP5Q==}
    engines: {node: '>= 20.10'}

  '@xmpp/starttls@0.14.0':
    resolution: {integrity: sha512-n21Oy5pyD6Cipo96SAVI1ASx/5qo/z3W7J1TWZSG3/gGgrTaCB+VSV0xI+FqRexVJysg3lw3cBidYQL+Lp/pHw==}
    engines: {node: '>= 20.10'}

  '@xmpp/stream-features@0.14.0':
    resolution: {integrity: sha512-XoogP53qv1lzq/TNnzydT0KmmDKsJ7vpbV1c33fcuBDY0LCmPWA2U5th+Atn3JjEMlyznpVDFco9BF1NgFTHzg==}
    engines: {node: '>= 20.10'}

  '@xmpp/stream-management@0.14.0':
    resolution: {integrity: sha512-i7qLB8KXzLtm2TZXgtVlBprI4Vm8lykJ7Gth2TFavBTky+PQFNr2BH4lGxxvZ7/WkYbhx2jsmDT9JjI7sUCRdw==}
    engines: {node: '>= 20.10'}

  '@xmpp/tcp@0.14.0':
    resolution: {integrity: sha512-vJb5Y60ub+YClK01l+653+qpIe6vedw/82szuB4IU50eTDTL8voer6eGK7AMJOJzoZzRofbLh8Ow5txAyZ8vXw==}
    engines: {node: '>= 20.10'}

  '@xmpp/time@0.14.0':
    resolution: {integrity: sha512-KlOLwZXXYrRiIZ+Lg0Rg+iDxIBLfCgVQOkIaYG2nieLVtbrHItI5gv2eI2I6m0cPsX8LajGkCpvQTqUCNZclag==}
    engines: {node: '>= 20.10'}

  '@xmpp/tls@0.14.0':
    resolution: {integrity: sha512-nY/nHlHYgs3i2+xwt/5Ff3J4aCdZADdTOH+NwdfgqBIK9kWDJPW43nnIrbrZgmUL3YOjW5sb1lUI20bFUJACww==}
    engines: {node: '>= 20.10'}

  '@xmpp/websocket@0.14.0':
    resolution: {integrity: sha512-mRjpRHtOujrPIT7I/X2xvn8w6X/7J8gGPfGIKNGLJHBQu1OlT5noUd++mslCAcGdCOf5TGwtJvE7a8CPtSnTFg==}
    engines: {node: '>= 20.10'}

  '@xmpp/xml@0.13.1':
    resolution: {integrity: sha512-GMfYB3PKY9QzsMnl3dPohgPBGd1JQTBanKOaZexJCSYJN2cdYLU2HGhjMtDlGSno6h9U+t0oO7r0igsJwyigwg==}
    engines: {node: '>= 12.4.0'}

  '@xmpp/xml@0.14.0':
    resolution: {integrity: sha512-1rrj3SaIM51wtJUn1l2n4FK2e1QLfEmma9bsD1utaaosA8elpCyWi12QDPfaYoTyWSXNvQ7mGzvFevUJUs1mcQ==}
    engines: {node: '>= 20.10'}

  events@3.3.0:
    resolution: {integrity: sha512-mQw+2fkQbALzQ7V0MY0IqdnXNOeTtP4r0lN9z7AAawCXgqea7bDii20AYrIBrFd/Hx0M2Ocz6S111CaFkUcb0Q==}
    engines: {node: '>=0.8.x'}

  koa-compose@4.1.0:
    resolution: {integrity: sha512-8ODW8TrDuMYvXRwra/Kh7/rJo9BtOfPc6qO8eAfC80CnCvSjSl0bkRM24X6/XBBEyj0v1nRUQ1LyOy3dbqOWXw==}

  ltx@3.0.0:
    resolution: {integrity: sha512-bu3/4/ApUmMqVNuIkHaRhqVtEi6didYcBDIF56xhPRCzVpdztCipZ62CUuaxMlMBUzaVL93+4LZRqe02fuAG6A==}
    engines: {node: '>= 12.4.0'}

  ltx@3.1.2:
    resolution: {integrity: sha512-tFSKojN92FqNK6eRTmKK/ROUTUYVWKAxgohz523TPhF1G3nR3DXQS/I7/705rEPrDSloKDgMdRlh0qgMFQoVYw==}
    engines: {node: '>= 12.4.0'}

  sasl-anonymous@0.1.0:
    resolution: {integrity: sha512-x+0sdsV0Gie2EexxAUsx6ZoB+X6OCthlNBvAQncQxreEWQJByAPntj0EAgTlJc2kZicoc+yFzeR6cl8VfsQGfA==}
    engines: {node: '>= 0.4.0'}

  sasl-plain@0.1.0:
    resolution: {integrity: sha512-X8mCSfR8y0NryTu0tuVyr4IS2jBunBgyG+3a0gEEkd0nlHGiyqJhlc4EIkzmSwaa7F8S4yo+LS6Cu5qxRkJrmg==}
    engines: {node: '>= 0.4.0'}

  sasl-scram-sha-1@1.4.0:
    resolution: {integrity: sha512-kdP8uAFkak8flnmKTldWnQ98IuC15ASdKxNHWwbqexRj7szHs7y+JEtigLkPoq9gnp/SAxxU4O2huL8OLqSr9w==}

  saslmechanisms@0.1.1:
    resolution: {integrity: sha512-pVlvK5ysevz8MzybRnDIa2YMxn0OJ7b9lDiWhMoaKPoJ7YkAg/7YtNjUgaYzElkwHxsw8dBMhaEn7UP6zxEwPg==}
    engines: {node: '>= 0.4.0'}

  undici-types@5.26.5:
    resolution: {integrity: sha512-JlCMO+ehdEIKqlFxk6IfVoAUVmgz7cU7zD/h9XZ0qzeosSHmUJVOzSQvvYSYWXkFXC+IfLKSIffhv0sVZup6pA==}

snapshots:

  '@biomejs/biome@1.9.4':
    optionalDependencies:
      '@biomejs/cli-darwin-arm64': 1.9.4
      '@biomejs/cli-darwin-x64': 1.9.4
      '@biomejs/cli-linux-arm64': 1.9.4
      '@biomejs/cli-linux-arm64-musl': 1.9.4
      '@biomejs/cli-linux-x64': 1.9.4
      '@biomejs/cli-linux-x64-musl': 1.9.4
      '@biomejs/cli-win32-arm64': 1.9.4
      '@biomejs/cli-win32-x64': 1.9.4

  '@biomejs/cli-darwin-arm64@1.9.4':
    optional: true

  '@biomejs/cli-darwin-x64@1.9.4':
    optional: true

  '@biomejs/cli-linux-arm64-musl@1.9.4':
    optional: true

  '@biomejs/cli-linux-arm64@1.9.4':
    optional: true

  '@biomejs/cli-linux-x64-musl@1.9.4':
    optional: true

  '@biomejs/cli-linux-x64@1.9.4':
    optional: true

  '@biomejs/cli-win32-arm64@1.9.4':
    optional: true

  '@biomejs/cli-win32-x64@1.9.4':
    optional: true

  '@types/accepts@1.3.7':
    dependencies:
      '@types/node': 20.12.12

  '@types/body-parser@1.19.5':
    dependencies:
      '@types/connect': 3.4.38
      '@types/node': 20.12.12

  '@types/connect@3.4.38':
    dependencies:
      '@types/node': 20.12.12

  '@types/content-disposition@0.5.8': {}

  '@types/cookies@0.9.0':
    dependencies:
      '@types/connect': 3.4.38
      '@types/express': 4.17.21
      '@types/keygrip': 1.0.6
      '@types/node': 20.12.12

  '@types/events@3.0.3': {}

  '@types/express-serve-static-core@4.19.1':
    dependencies:
      '@types/node': 20.12.12
      '@types/qs': 6.9.15
      '@types/range-parser': 1.2.7
      '@types/send': 0.17.4

  '@types/express@4.17.21':
    dependencies:
      '@types/body-parser': 1.19.5
      '@types/express-serve-static-core': 4.19.1
      '@types/qs': 6.9.15
      '@types/serve-static': 1.15.7

  '@types/http-assert@1.5.5': {}

  '@types/http-errors@2.0.4': {}

  '@types/keygrip@1.0.6': {}

  '@types/koa-compose@3.2.8':
    dependencies:
      '@types/koa': 2.15.0

  '@types/koa@2.15.0':
    dependencies:
      '@types/accepts': 1.3.7
      '@types/content-disposition': 0.5.8
      '@types/cookies': 0.9.0
      '@types/http-assert': 1.5.5
      '@types/http-errors': 2.0.4
      '@types/keygrip': 1.0.6
      '@types/koa-compose': 3.2.8
      '@types/node': 20.12.12

  '@types/ltx@3.0.8':
    dependencies:
      '@types/events': 3.0.3

  '@types/mime@1.3.5': {}

  '@types/node@20.12.12':
    dependencies:
      undici-types: 5.26.5

  '@types/qs@6.9.15': {}

  '@types/range-parser@1.2.7': {}

  '@types/saslmechanisms@0.1.3': {}

  '@types/send@0.17.4':
    dependencies:
      '@types/mime': 1.3.5
      '@types/node': 20.12.12

  '@types/serve-static@1.15.7':
    dependencies:
      '@types/http-errors': 2.0.4
      '@types/node': 20.12.12
      '@types/send': 0.17.4

  '@types/xmpp__client-core@0.13.3':
    dependencies:
      '@types/xmpp__connection': 0.13.3
      '@types/xmpp__jid': 1.3.5
      '@types/xmpp__xml': 0.13.4

  '@types/xmpp__client@0.13.3':
    dependencies:
      '@types/koa-compose': 3.2.8
      '@types/xmpp__client-core': 0.13.3
      '@types/xmpp__connection': 0.13.3
      '@types/xmpp__iq': 0.13.4
      '@types/xmpp__middleware': 0.13.3
      '@types/xmpp__reconnect': 0.13.3
      '@types/xmpp__resource-binding': 0.13.3
      '@types/xmpp__sasl': 0.13.6
      '@types/xmpp__stream-features': 0.13.3
      '@types/xmpp__stream-management': 0.13.3

  '@types/xmpp__connection@0.13.3':
    dependencies:
      '@types/xmpp__error': 0.13.3
      '@types/xmpp__events': 0.13.3
      '@types/xmpp__jid': 1.3.5
      '@types/xmpp__xml': 0.13.4

  '@types/xmpp__error@0.13.3':
    dependencies:
      '@types/xmpp__xml': 0.13.4

  '@types/xmpp__events@0.13.3':
    dependencies:
      '@types/node': 20.12.12

  '@types/xmpp__iq@0.13.4':
    dependencies:
      '@types/koa-compose': 3.2.8
      '@types/xmpp__events': 0.13.3
      '@types/xmpp__middleware': 0.13.3
      '@types/xmpp__xml': 0.13.4

  '@types/xmpp__jid@1.3.5': {}

  '@types/xmpp__middleware@0.13.3':
    dependencies:
      '@types/koa-compose': 3.2.8
      '@types/xmpp__connection': 0.13.3
      '@types/xmpp__error': 0.13.3
      '@types/xmpp__jid': 1.3.5
      '@types/xmpp__xml': 0.13.4

  '@types/xmpp__reconnect@0.13.3':
    dependencies:
      '@types/xmpp__connection': 0.13.3
      '@types/xmpp__events': 0.13.3

  '@types/xmpp__resource-binding@0.13.3':
    dependencies:
      '@types/xmpp__iq': 0.13.4
      '@types/xmpp__middleware': 0.13.3
      '@types/xmpp__stream-features': 0.13.3
      '@types/xmpp__xml': 0.13.4

  '@types/xmpp__sasl@0.13.6':
    dependencies:
      '@types/saslmechanisms': 0.1.3
      '@types/xmpp__error': 0.13.3
      '@types/xmpp__middleware': 0.13.3
      '@types/xmpp__stream-features': 0.13.3

  '@types/xmpp__stream-features@0.13.3':
    dependencies:
      '@types/koa': 2.15.0
      '@types/koa-compose': 3.2.8
      '@types/xmpp__middleware': 0.13.3
      '@types/xmpp__xml': 0.13.4

  '@types/xmpp__stream-management@0.13.3':
    dependencies:
      '@types/xmpp__middleware': 0.13.3
      '@types/xmpp__stream-features': 0.13.3

  '@types/xmpp__xml@0.13.4':
    dependencies:
      '@types/ltx': 3.0.8

  '@xmpp/base64@0.14.0': {}

  '@xmpp/client-core@0.14.0':
    dependencies:
      '@xmpp/connection': 0.14.0
      '@xmpp/events': 0.14.0
      '@xmpp/jid': 0.14.0
      '@xmpp/sasl': 0.14.0
      '@xmpp/xml': 0.14.0
      saslmechanisms: 0.1.1

  '@xmpp/client@0.14.0':
    dependencies:
      '@xmpp/client-core': 0.14.0
      '@xmpp/iq': 0.14.0
      '@xmpp/middleware': 0.14.0
      '@xmpp/reconnect': 0.14.0
      '@xmpp/resolve': 0.14.0
      '@xmpp/resource-binding': 0.14.0
      '@xmpp/sasl': 0.14.0
      '@xmpp/sasl-anonymous': 0.14.0
      '@xmpp/sasl-ht-sha-256-none': 0.14.0
      '@xmpp/sasl-plain': 0.14.0
      '@xmpp/sasl-scram-sha-1': 0.14.0
      '@xmpp/sasl2': 0.14.0
      '@xmpp/starttls': 0.14.0
      '@xmpp/stream-features': 0.14.0
      '@xmpp/stream-management': 0.14.0
      '@xmpp/tcp': 0.14.0
      '@xmpp/tls': 0.14.0
      '@xmpp/websocket': 0.14.0
      saslmechanisms: 0.1.1

  '@xmpp/connection-tcp@0.14.0':
    dependencies:
      '@xmpp/connection': 0.14.0
      '@xmpp/xml': 0.14.0

  '@xmpp/connection@0.14.0':
    dependencies:
      '@xmpp/error': 0.14.0
      '@xmpp/events': 0.14.0
      '@xmpp/jid': 0.14.0
      '@xmpp/xml': 0.14.0

  '@xmpp/debug@0.13.0':
    dependencies:
      '@xmpp/xml': 0.13.1
      ltx: 3.0.0

  '@xmpp/error@0.14.0': {}

  '@xmpp/events@0.14.0':
    dependencies:
      events: 3.3.0

  '@xmpp/id@0.14.0': {}

  '@xmpp/iq@0.14.0':
    dependencies:
      '@xmpp/events': 0.14.0
      '@xmpp/id': 0.14.0
      '@xmpp/middleware': 0.14.0
      '@xmpp/xml': 0.14.0

  '@xmpp/jid@0.14.0': {}

  '@xmpp/middleware@0.14.0':
    dependencies:
      '@xmpp/error': 0.14.0
      '@xmpp/jid': 0.14.0
      '@xmpp/xml': 0.14.0
      koa-compose: 4.1.0

  '@xmpp/reconnect@0.14.0':
    dependencies:
      '@xmpp/events': 0.14.0

  '@xmpp/resolve@0.14.0':
    dependencies:
      '@xmpp/events': 0.14.0
      '@xmpp/xml': 0.14.0

  '@xmpp/resource-binding@0.14.0':
    dependencies:
      '@xmpp/xml': 0.14.0

  '@xmpp/sasl-anonymous@0.14.0':
    dependencies:
      sasl-anonymous: 0.1.0

  '@xmpp/sasl-ht-sha-256-none@0.14.0': {}

  '@xmpp/sasl-plain@0.14.0':
    dependencies:
      sasl-plain: 0.1.0

  '@xmpp/sasl-scram-sha-1@0.14.0':
    dependencies:
      sasl-scram-sha-1: 1.4.0

  '@xmpp/sasl2@0.14.0':
    dependencies:
      '@xmpp/base64': 0.14.0
      '@xmpp/error': 0.14.0
      '@xmpp/events': 0.14.0
      '@xmpp/jid': 0.14.0
      '@xmpp/sasl': 0.14.0
      '@xmpp/xml': 0.14.0

  '@xmpp/sasl@0.14.0':
    dependencies:
      '@xmpp/base64': 0.14.0
      '@xmpp/error': 0.14.0
      '@xmpp/events': 0.14.0
      '@xmpp/xml': 0.14.0

  '@xmpp/starttls@0.14.0':
    dependencies:
      '@xmpp/events': 0.14.0
      '@xmpp/tls': 0.14.0
      '@xmpp/xml': 0.14.0

  '@xmpp/stream-features@0.14.0': {}

  '@xmpp/stream-management@0.14.0':
    dependencies:
      '@xmpp/error': 0.14.0
      '@xmpp/events': 0.14.0
      '@xmpp/time': 0.14.0
      '@xmpp/xml': 0.14.0

  '@xmpp/tcp@0.14.0':
    dependencies:
      '@xmpp/connection-tcp': 0.14.0

  '@xmpp/time@0.14.0': {}

  '@xmpp/tls@0.14.0':
    dependencies:
      '@xmpp/connection': 0.14.0
      '@xmpp/connection-tcp': 0.14.0
      '@xmpp/events': 0.14.0

  '@xmpp/websocket@0.14.0':
    dependencies:
      '@xmpp/connection': 0.14.0
      '@xmpp/events': 0.14.0
      '@xmpp/xml': 0.14.0

  '@xmpp/xml@0.13.1':
    dependencies:
      ltx: 3.0.0

  '@xmpp/xml@0.14.0':
    dependencies:
      '@xmpp/events': 0.14.0
      ltx: 3.1.2

  events@3.3.0: {}

  koa-compose@4.1.0: {}

  ltx@3.0.0: {}

  ltx@3.1.2: {}

  sasl-anonymous@0.1.0: {}

  sasl-plain@0.1.0: {}

  sasl-scram-sha-1@1.4.0: {}

  saslmechanisms@0.1.1: {}

  undici-types@5.26.5: {}
